// !$*UTF8*$!
{
	archiveVersion = 1;
	classes = {
	};
	objectVersion = 51;
	objects = {

/* Begin PBXBuildFile section */
		076EA0B724050B0C00DB47EF /* StorageManager.swift in Sources */ = {isa = PBXBuildFile; fileRef = 076EA0B624050B0C00DB47EF /* StorageManager.swift */; };
		07B4FA2723F41D010021C96C /* AppDelegate.swift in Sources */ = {isa = PBXBuildFile; fileRef = 07B4FA2623F41D010021C96C /* AppDelegate.swift */; };
		07B4FA2923F41D010021C96C /* SceneDelegate.swift in Sources */ = {isa = PBXBuildFile; fileRef = 07B4FA2823F41D010021C96C /* SceneDelegate.swift */; };
		07B4FA2E23F41D010021C96C /* Main.storyboard in Resources */ = {isa = PBXBuildFile; fileRef = 07B4FA2C23F41D010021C96C /* Main.storyboard */; };
		07B4FA3023F41D030021C96C /* Assets.xcassets in Resources */ = {isa = PBXBuildFile; fileRef = 07B4FA2F23F41D030021C96C /* Assets.xcassets */; };
		07B4FA3323F41D030021C96C /* LaunchScreen.storyboard in Resources */ = {isa = PBXBuildFile; fileRef = 07B4FA3123F41D030021C96C /* LaunchScreen.storyboard */; };
		07B4FA3B23F41DBF0021C96C /* Tasks.swift in Sources */ = {isa = PBXBuildFile; fileRef = 07B4FA3A23F41DBF0021C96C /* Tasks.swift */; };
		07B4FA4723F485990021C96C /* TableCellTableViewCell.swift in Sources */ = {isa = PBXBuildFile; fileRef = 07B4FA4623F485990021C96C /* TableCellTableViewCell.swift */; };
		07B4FAB623F5B0C70021C96C /* Car.swift in Sources */ = {isa = PBXBuildFile; fileRef = 07B4FAB523F5B0C70021C96C /* Car.swift */; };
		07B4FAB823F5B6370021C96C /* AddCar.swift in Sources */ = {isa = PBXBuildFile; fileRef = 07B4FAB723F5B6370021C96C /* AddCar.swift */; };
		88F664DB9BF85AC2B62D3CFD /* Pods_MusicTableView_UIKit.framework in Frameworks */ = {isa = PBXBuildFile; fileRef = 0BC72B337D90B3104DC151D3 /* Pods_MusicTableView_UIKit.framework */; };
/* End PBXBuildFile section */

/* Begin PBXFileReference section */
		076EA0B624050B0C00DB47EF /* StorageManager.swift */ = {isa = PBXFileReference; lastKnownFileType = sourcecode.swift; path = StorageManager.swift; sourceTree = "<group>"; };
		07B4FA2323F41D010021C96C /* MusicTableView-UIKit.app */ = {isa = PBXFileReference; explicitFileType = wrapper.application; includeInIndex = 0; path = "MusicTableView-UIKit.app"; sourceTree = BUILT_PRODUCTS_DIR; };
		07B4FA2623F41D010021C96C /* AppDelegate.swift */ = {isa = PBXFileReference; lastKnownFileType = sourcecode.swift; path = AppDelegate.swift; sourceTree = "<group>"; };
		07B4FA2823F41D010021C96C /* SceneDelegate.swift */ = {isa = PBXFileReference; lastKnownFileType = sourcecode.swift; path = SceneDelegate.swift; sourceTree = "<group>"; };
		07B4FA2D23F41D010021C96C /* Base */ = {isa = PBXFileReference; lastKnownFileType = file.storyboard; name = Base; path = Base.lproj/Main.storyboard; sourceTree = "<group>"; };
		07B4FA2F23F41D030021C96C /* Assets.xcassets */ = {isa = PBXFileReference; lastKnownFileType = folder.assetcatalog; path = Assets.xcassets; sourceTree = "<group>"; };
		07B4FA3223F41D030021C96C /* Base */ = {isa = PBXFileReference; lastKnownFileType = file.storyboard; name = Base; path = Base.lproj/LaunchScreen.storyboard; sourceTree = "<group>"; };
		07B4FA3423F41D030021C96C /* Info.plist */ = {isa = PBXFileReference; lastKnownFileType = text.plist.xml; path = Info.plist; sourceTree = "<group>"; };
		07B4FA3A23F41DBF0021C96C /* Tasks.swift */ = {isa = PBXFileReference; lastKnownFileType = sourcecode.swift; path = Tasks.swift; sourceTree = "<group>"; };
		07B4FA4623F485990021C96C /* TableCellTableViewCell.swift */ = {isa = PBXFileReference; lastKnownFileType = sourcecode.swift; path = TableCellTableViewCell.swift; sourceTree = "<group>"; };
		07B4FAB523F5B0C70021C96C /* Car.swift */ = {isa = PBXFileReference; lastKnownFileType = sourcecode.swift; path = Car.swift; sourceTree = "<group>"; };
		07B4FAB723F5B6370021C96C /* AddCar.swift */ = {isa = PBXFileReference; lastKnownFileType = sourcecode.swift; path = AddCar.swift; sourceTree = "<group>"; };
		0BC72B337D90B3104DC151D3 /* Pods_MusicTableView_UIKit.framework */ = {isa = PBXFileReference; explicitFileType = wrapper.framework; includeInIndex = 0; path = Pods_MusicTableView_UIKit.framework; sourceTree = BUILT_PRODUCTS_DIR; };
		27BD7EB963E35A8AD826A9A4 /* Pods-MusicTableView-UIKit.debug.xcconfig */ = {isa = PBXFileReference; includeInIndex = 1; lastKnownFileType = text.xcconfig; name = "Pods-MusicTableView-UIKit.debug.xcconfig"; path = "Target Support Files/Pods-MusicTableView-UIKit/Pods-MusicTableView-UIKit.debug.xcconfig"; sourceTree = "<group>"; };
		99581B145A60301EFB42CE6D /* Pods-MusicTableView-UIKit.release.xcconfig */ = {isa = PBXFileReference; includeInIndex = 1; lastKnownFileType = text.xcconfig; name = "Pods-MusicTableView-UIKit.release.xcconfig"; path = "Target Support Files/Pods-MusicTableView-UIKit/Pods-MusicTableView-UIKit.release.xcconfig"; sourceTree = "<group>"; };
/* End PBXFileReference section */

/* Begin PBXFrameworksBuildPhase section */
		07B4FA2023F41D010021C96C /* Frameworks */ = {
			isa = PBXFrameworksBuildPhase;
			buildActionMask = 2147483647;
			files = (
				88F664DB9BF85AC2B62D3CFD /* Pods_MusicTableView_UIKit.framework in Frameworks */,
			);
			runOnlyForDeploymentPostprocessing = 0;
		};
/* End PBXFrameworksBuildPhase section */

/* Begin PBXGroup section */
		055AA954EFD78A4F877668D8 /* Frameworks */ = {
			isa = PBXGroup;
			children = (
				0BC72B337D90B3104DC151D3 /* Pods_MusicTableView_UIKit.framework */,
			);
			name = Frameworks;
			sourceTree = "<group>";
		};
		07B4FA1A23F41D010021C96C = {
			isa = PBXGroup;
			children = (
				07B4FA2523F41D010021C96C /* MusicTableView-UIKit */,
				07B4FA2423F41D010021C96C /* Products */,
				A199B5B7C54B3AAF69B49157 /* Pods */,
				055AA954EFD78A4F877668D8 /* Frameworks */,
			);
			sourceTree = "<group>";
		};
		07B4FA2423F41D010021C96C /* Products */ = {
			isa = PBXGroup;
			children = (
				07B4FA2323F41D010021C96C /* MusicTableView-UIKit.app */,
			);
			name = Products;
			sourceTree = "<group>";
		};
		07B4FA2523F41D010021C96C /* MusicTableView-UIKit */ = {
			isa = PBXGroup;
			children = (
				07B4FABB23F5D7400021C96C /* Model */,
				07B4FABA23F5D7390021C96C /* View */,
				07B4FAB923F5D7300021C96C /* Controller */,
				07B4FA2623F41D010021C96C /* AppDelegate.swift */,
				07B4FA2823F41D010021C96C /* SceneDelegate.swift */,
				07B4FA2F23F41D030021C96C /* Assets.xcassets */,
				07B4FA3423F41D030021C96C /* Info.plist */,
			);
			path = "MusicTableView-UIKit";
			sourceTree = "<group>";
		};
		07B4FAB923F5D7300021C96C /* Controller */ = {
			isa = PBXGroup;
			children = (
				07B4FA3A23F41DBF0021C96C /* Tasks.swift */,
				07B4FAB723F5B6370021C96C /* AddCar.swift */,
				076EA0B624050B0C00DB47EF /* StorageManager.swift */,
				07B4FA4623F485990021C96C /* TableCellTableViewCell.swift */,
			);
			path = Controller;
			sourceTree = "<group>";
		};
		07B4FABA23F5D7390021C96C /* View */ = {
			isa = PBXGroup;
			children = (
				07B4FA2C23F41D010021C96C /* Main.storyboard */,
				07B4FA3123F41D030021C96C /* LaunchScreen.storyboard */,
			);
			path = View;
			sourceTree = "<group>";
		};
		07B4FABB23F5D7400021C96C /* Model */ = {
			isa = PBXGroup;
			children = (
				07B4FAB523F5B0C70021C96C /* Car.swift */,
			);
			path = Model;
			sourceTree = "<group>";
		};
		A199B5B7C54B3AAF69B49157 /* Pods */ = {
			isa = PBXGroup;
			children = (
				27BD7EB963E35A8AD826A9A4 /* Pods-MusicTableView-UIKit.debug.xcconfig */,
				99581B145A60301EFB42CE6D /* Pods-MusicTableView-UIKit.release.xcconfig */,
			);
			path = Pods;
			sourceTree = "<group>";
		};
/* End PBXGroup section */

/* Begin PBXNativeTarget section */
		07B4FA2223F41D010021C96C /* MusicTableView-UIKit */ = {
			isa = PBXNativeTarget;
			buildConfigurationList = 07B4FA3723F41D030021C96C /* Build configuration list for PBXNativeTarget "MusicTableView-UIKit" */;
			buildPhases = (
				EBE2A8F7DDFE289AF3587A9F /* [CP] Check Pods Manifest.lock */,
				07B4FA1F23F41D010021C96C /* Sources */,
				07B4FA2023F41D010021C96C /* Frameworks */,
				07B4FA2123F41D010021C96C /* Resources */,
				24D5AEEBEF152045F2566B4A /* [CP] Embed Pods Frameworks */,
			);
			buildRules = (
			);
			dependencies = (
			);
			name = "MusicTableView-UIKit";
			productName = "MusicTableView-UIKit";
			productReference = 07B4FA2323F41D010021C96C /* MusicTableView-UIKit.app */;
			productType = "com.apple.product-type.application";
		};
/* End PBXNativeTarget section */

/* Begin PBXProject section */
		07B4FA1B23F41D010021C96C /* Project object */ = {
			isa = PBXProject;
			attributes = {
				LastSwiftUpdateCheck = 1130;
				LastUpgradeCheck = 1130;
				ORGANIZATIONNAME = "Artem Zagorovski";
				TargetAttributes = {
					07B4FA2223F41D010021C96C = {
						CreatedOnToolsVersion = 11.3.1;
					};
				};
			};
			buildConfigurationList = 07B4FA1E23F41D010021C96C /* Build configuration list for PBXProject "MusicTableView-UIKit" */;
			compatibilityVersion = "Xcode 9.3";
			developmentRegion = en;
			hasScannedForEncodings = 0;
			knownRegions = (
				en,
				Base,
			);
			mainGroup = 07B4FA1A23F41D010021C96C;
			productRefGroup = 07B4FA2423F41D010021C96C /* Products */;
			projectDirPath = "";
			projectRoot = "";
			targets = (
				07B4FA2223F41D010021C96C /* MusicTableView-UIKit */,
			);
		};
/* End PBXProject section */

/* Begin PBXResourcesBuildPhase section */
		07B4FA2123F41D010021C96C /* Resources */ = {
			isa = PBXResourcesBuildPhase;
			buildActionMask = 2147483647;
			files = (
				07B4FA3323F41D030021C96C /* LaunchScreen.storyboard in Resources */,
				07B4FA3023F41D030021C96C /* Assets.xcassets in Resources */,
				07B4FA2E23F41D010021C96C /* Main.storyboard in Resources */,
			);
			runOnlyForDeploymentPostprocessing = 0;
		};
/* End PBXResourcesBuildPhase section */

/* Begin PBXShellScriptBuildPhase section */
		24D5AEEBEF152045F2566B4A /* [CP] Embed Pods Frameworks */ = {
			isa = PBXShellScriptBuildPhase;
			buildActionMask = 2147483647;
			files = (
			);
			inputFileListPaths = (
				"${PODS_ROOT}/Target Support Files/Pods-MusicTableView-UIKit/Pods-MusicTableView-UIKit-frameworks-${CONFIGURATION}-input-files.xcfilelist",
			);
			name = "[CP] Embed Pods Frameworks";
			outputFileListPaths = (
				"${PODS_ROOT}/Target Support Files/Pods-MusicTableView-UIKit/Pods-MusicTableView-UIKit-frameworks-${CONFIGURATION}-output-files.xcfilelist",
			);
			runOnlyForDeploymentPostprocessing = 0;
			shellPath = /bin/sh;
			shellScript = "\"${PODS_ROOT}/Target Support Files/Pods-MusicTableView-UIKit/Pods-MusicTableView-UIKit-frameworks.sh\"\n";
			showEnvVarsInLog = 0;
		};
		EBE2A8F7DDFE289AF3587A9F /* [CP] Check Pods Manifest.lock */ = {
			isa = PBXShellScriptBuildPhase;
			buildActionMask = 2147483647;
			files = (
			);
			inputFileListPaths = (
			);
			inputPaths = (
				"${PODS_PODFILE_DIR_PATH}/Podfile.lock",
				"${PODS_ROOT}/Manifest.lock",
			);
			name = "[CP] Check Pods Manifest.lock";
			outputFileListPaths = (
			);
			outputPaths = (
				"$(DERIVED_FILE_DIR)/Pods-MusicTableView-UIKit-checkManifestLockResult.txt",
			);
			runOnlyForDeploymentPostprocessing = 0;
			shellPath = /bin/sh;
			shellScript = "diff \"${PODS_PODFILE_DIR_PATH}/Podfile.lock\" \"${PODS_ROOT}/Manifest.lock\" > /dev/null\nif [ $? != 0 ] ; then\n    # print error to STDERR\n    echo \"error: The sandbox is not in sync with the Podfile.lock. Run 'pod install' or update your CocoaPods installation.\" >&2\n    exit 1\nfi\n# This output is used by Xcode 'outputs' to avoid re-running this script phase.\necho \"SUCCESS\" > \"${SCRIPT_OUTPUT_FILE_0}\"\n";
			showEnvVarsInLog = 0;
		};
/* End PBXShellScriptBuildPhase section */

/* Begin PBXSourcesBuildPhase section */
		07B4FA1F23F41D010021C96C /* Sources */ = {
			isa = PBXSourcesBuildPhase;
			buildActionMask = 2147483647;
			files = (
				07B4FAB823F5B6370021C96C /* AddCar.swift in Sources */,
				07B4FA3B23F41DBF0021C96C /* Tasks.swift in Sources */,
				07B4FAB623F5B0C70021C96C /* Car.swift in Sources */,
				07B4FA4723F485990021C96C /* TableCellTableViewCell.swift in Sources */,
				07B4FA2723F41D010021C96C /* AppDelegate.swift in Sources */,
				07B4FA2923F41D010021C96C /* SceneDelegate.swift in Sources */,
				076EA0B724050B0C00DB47EF /* StorageManager.swift in Sources */,
			);
			runOnlyForDeploymentPostprocessing = 0;
		};
/* End PBXSourcesBuildPhase section */

/* Begin PBXVariantGroup section */
		07B4FA2C23F41D010021C96C /* Main.storyboard */ = {
			isa = PBXVariantGroup;
			children = (
				07B4FA2D23F41D010021C96C /* Base */,
			);
			name = Main.storyboard;
			sourceTree = "<group>";
		};
		07B4FA3123F41D030021C96C /* LaunchScreen.storyboard */ = {
			isa = PBXVariantGroup;
			children = (
				07B4FA3223F41D030021C96C /* Base */,
			);
			name = LaunchScreen.storyboard;
			sourceTree = "<group>";
		};
/* End PBXVariantGroup section */

/* Begin XCBuildConfiguration section */
		07B4FA3523F41D030021C96C /* Debug */ = {
			isa = XCBuildConfiguration;
			buildSettings = {
				ALWAYS_SEARCH_USER_PATHS = NO;
				CLANG_ANALYZER_NONNULL = YES;
				CLANG_ANALYZER_NUMBER_OBJECT_CONVERSION = YES_AGGRESSIVE;
				CLANG_CXX_LANGUAGE_STANDARD = "gnu++14";
				CLANG_CXX_LIBRARY = "libc++";
				CLANG_ENABLE_MODULES = YES;
				CLANG_ENABLE_OBJC_ARC = YES;
				CLANG_ENABLE_OBJC_WEAK = YES;
				CLANG_WARN_BLOCK_CAPTURE_AUTORELEASING = YES;
				CLANG_WARN_BOOL_CONVERSION = YES;
				CLANG_WARN_COMMA = YES;
				CLANG_WARN_CONSTANT_CONVERSION = YES;
				CLANG_WARN_DEPRECATED_OBJC_IMPLEMENTATIONS = YES;
				CLANG_WARN_DIRECT_OBJC_ISA_USAGE = YES_ERROR;
				CLANG_WARN_DOCUMENTATION_COMMENTS = YES;
				CLANG_WARN_EMPTY_BODY = YES;
				CLANG_WARN_ENUM_CONVERSION = YES;
				CLANG_WARN_INFINITE_RECURSION = YES;
				CLANG_WARN_INT_CONVERSION = YES;
				CLANG_WARN_NON_LITERAL_NULL_CONVERSION = YES;
				CLANG_WARN_OBJC_IMPLICIT_RETAIN_SELF = YES;
				CLANG_WARN_OBJC_LITERAL_CONVERSION = YES;
				CLANG_WARN_OBJC_ROOT_CLASS = YES_ERROR;
				CLANG_WARN_RANGE_LOOP_ANALYSIS = YES;
				CLANG_WARN_STRICT_PROTOTYPES = YES;
				CLANG_WARN_SUSPICIOUS_MOVE = YES;
				CLANG_WARN_UNGUARDED_AVAILABILITY = YES_AGGRESSIVE;
				CLANG_WARN_UNREACHABLE_CODE = YES;
				CLANG_WARN__DUPLICATE_METHOD_MATCH = YES;
				COPY_PHASE_STRIP = NO;
				DEBUG_INFORMATION_FORMAT = dwarf;
				ENABLE_STRICT_OBJC_MSGSEND = YES;
				ENABLE_TESTABILITY = YES;
				GCC_C_LANGUAGE_STANDARD = gnu11;
				GCC_DYNAMIC_NO_PIC = NO;
				GCC_NO_COMMON_BLOCKS = YES;
				GCC_OPTIMIZATION_LEVEL = 0;
				GCC_PREPROCESSOR_DEFINITIONS = (
					"DEBUG=1",
					"$(inherited)",
				);
				GCC_WARN_64_TO_32_BIT_CONVERSION = YES;
				GCC_WARN_ABOUT_RETURN_TYPE = YES_ERROR;
				GCC_WARN_UNDECLARED_SELECTOR = YES;
				GCC_WARN_UNINITIALIZED_AUTOS = YES_AGGRESSIVE;
				GCC_WARN_UNUSED_FUNCTION = YES;
				GCC_WARN_UNUSED_VARIABLE = YES;
				IPHONEOS_DEPLOYMENT_TARGET = 13.2;
				MTL_ENABLE_DEBUG_INFO = INCLUDE_SOURCE;
				MTL_FAST_MATH = YES;
				ONLY_ACTIVE_ARCH = YES;
				SDKROOT = iphoneos;
				SWIFT_ACTIVE_COMPILATION_CONDITIONS = DEBUG;
				SWIFT_OPTIMIZATION_LEVEL = "-Onone";
			};
			name = Debug;
		};
		07B4FA3623F41D030021C96C /* Release */ = {
			isa = XCBuildConfiguration;
			buildSettings = {
				ALWAYS_SEARCH_USER_PATHS = NO;
				CLANG_ANALYZER_NONNULL = YES;
				CLANG_ANALYZER_NUMBER_OBJECT_CONVERSION = YES_AGGRESSIVE;
				CLANG_CXX_LANGUAGE_STANDARD = "gnu++14";
				CLANG_CXX_LIBRARY = "libc++";
				CLANG_ENABLE_MODULES = YES;
				CLANG_ENABLE_OBJC_ARC = YES;
				CLANG_ENABLE_OBJC_WEAK = YES;
				CLANG_WARN_BLOCK_CAPTURE_AUTORELEASING = YES;
				CLANG_WARN_BOOL_CONVERSION = YES;
				CLANG_WARN_COMMA = YES;
				CLANG_WARN_CONSTANT_CONVERSION = YES;
				CLANG_WARN_DEPRECATED_OBJC_IMPLEMENTATIONS = YES;
				CLANG_WARN_DIRECT_OBJC_ISA_USAGE = YES_ERROR;
				CLANG_WARN_DOCUMENTATION_COMMENTS = YES;
				CLANG_WARN_EMPTY_BODY = YES;
				CLANG_WARN_ENUM_CONVERSION = YES;
				CLANG_WARN_INFINITE_RECURSION = YES;
				CLANG_WARN_INT_CONVERSION = YES;
				CLANG_WARN_NON_LITERAL_NULL_CONVERSION = YES;
				CLANG_WARN_OBJC_IMPLICIT_RETAIN_SELF = YES;
				CLANG_WARN_OBJC_LITERAL_CONVERSION = YES;
				CLANG_WARN_OBJC_ROOT_CLASS = YES_ERROR;
				CLANG_WARN_RANGE_LOOP_ANALYSIS = YES;
				CLANG_WARN_STRICT_PROTOTYPES = YES;
				CLANG_WARN_SUSPICIOUS_MOVE = YES;
				CLANG_WARN_UNGUARDED_AVAILABILITY = YES_AGGRESSIVE;
				CLANG_WARN_UNREACHABLE_CODE = YES;
				CLANG_WARN__DUPLICATE_METHOD_MATCH = YES;
				COPY_PHASE_STRIP = NO;
				DEBUG_INFORMATION_FORMAT = "dwarf-with-dsym";
				ENABLE_NS_ASSERTIONS = NO;
				ENABLE_STRICT_OBJC_MSGSEND = YES;
				GCC_C_LANGUAGE_STANDARD = gnu11;
				GCC_NO_COMMON_BLOCKS = YES;
				GCC_WARN_64_TO_32_BIT_CONVERSION = YES;
				GCC_WARN_ABOUT_RETURN_TYPE = YES_ERROR;
				GCC_WARN_UNDECLARED_SELECTOR = YES;
				GCC_WARN_UNINITIALIZED_AUTOS = YES_AGGRESSIVE;
				GCC_WARN_UNUSED_FUNCTION = YES;
				GCC_WARN_UNUSED_VARIABLE = YES;
				IPHONEOS_DEPLOYMENT_TARGET = 13.2;
				MTL_ENABLE_DEBUG_INFO = NO;
				MTL_FAST_MATH = YES;
				SDKROOT = iphoneos;
				SWIFT_COMPILATION_MODE = wholemodule;
				SWIFT_OPTIMIZATION_LEVEL = "-O";
				VALIDATE_PRODUCT = YES;
			};
			name = Release;
		};
		07B4FA3823F41D030021C96C /* Debug */ = {
			isa = XCBuildConfiguration;
			baseConfigurationReference = 27BD7EB963E35A8AD826A9A4 /* Pods-MusicTableView-UIKit.debug.xcconfig */;
			buildSettings = {
				ASSETCATALOG_COMPILER_APPICON_NAME = AppIcon;
				CODE_SIGN_STYLE = Automatic;
				DEVELOPMENT_TEAM = 34B9Q92VRX;
				INFOPLIST_FILE = "MusicTableView-UIKit/Info.plist";
				LD_RUNPATH_SEARCH_PATHS = (
					"$(inherited)",
					"@executable_path/Frameworks",
				);
				PRODUCT_BUNDLE_IDENTIFIER = "by.vironit.MusicTableView-UIKit";
				PRODUCT_NAME = "$(TARGET_NAME)";
				SWIFT_VERSION = 5.0;
				TARGETED_DEVICE_FAMILY = "1,2";
			};
			name = Debug;
		};
		07B4FA3923F41D030021C96C /* Release */ = {
			isa = XCBuildConfiguration;
			baseConfigurationReference = 99581B145A60301EFB42CE6D /* Pods-MusicTableView-UIKit.release.xcconfig */;
			buildSettings = {
				ASSETCATALOG_COMPILER_APPICON_NAME = AppIcon;
				CODE_SIGN_STYLE = Automatic;
				DEVELOPMENT_TEAM = 34B9Q92VRX;
				INFOPLIST_FILE = "MusicTableView-UIKit/Info.plist";
				LD_RUNPATH_SEARCH_PATHS = (
					"$(inherited)",
					"@executable_path/Frameworks",
				);
				PRODUCT_BUNDLE_IDENTIFIER = "by.vironit.MusicTableView-UIKit";
				PRODUCT_NAME = "$(TARGET_NAME)";
				SWIFT_VERSION = 5.0;
				TARGETED_DEVICE_FAMILY = "1,2";
			};
			name = Release;
		};
/* End XCBuildConfiguration section */

/* Begin XCConfigurationList section */
		07B4FA1E23F41D010021C96C /* Build configuration list for PBXProject "MusicTableView-UIKit" */ = {
			isa = XCConfigurationList;
			buildConfigurations = (
				07B4FA3523F41D030021C96C /* Debug */,
				07B4FA3623F41D030021C96C /* Release */,
			);
			defaultConfigurationIsVisible = 0;
			defaultConfigurationName = Release;
		};
		07B4FA3723F41D030021C96C /* Build configuration list for PBXNativeTarget "MusicTableView-UIKit" */ = {
			isa = XCConfigurationList;
			buildConfigurations = (
				07B4FA3823F41D030021C96C /* Debug */,
				07B4FA3923F41D030021C96C /* Release */,
			);
			defaultConfigurationIsVisible = 0;
			defaultConfigurationName = Release;
		};
/* End XCConfigurationList section */
	};
	rootObject = 07B4FA1B23F41D010021C96C /* Project object */;
}
